
Microsoft Visual Studio Solution File, Format Version 12.00
# Visual Studio 15
VisualStudioVersion = 15.0.26730.15
MinimumVisualStudioVersion = 10.0.40219.1
Project("{8BC9CEB8-8B4A-11D0-8D11-00A0C91BC942}") = "Ex5", "Ex5\Ex5.vcxproj", "{1D1BD385-D37A-4CBB-BBE9-01C8CD09F774}"
EndProject
Global
	GlobalSection(SolutionConfigurationPlatforms) = preSolution
		Debug|x64 = Debug|x64
		Debug|x86 = Debug|x86
		Release|x64 = Release|x64
		Release|x86 = Release|x86
	EndGlobalSection
	GlobalSection(ProjectConfigurationPlatforms) = postSolution
		{1D1BD385-D37A-4CBB-BBE9-01C8CD09F774}.Debug|x64.ActiveCfg = Debug|x64
		{1D1BD385-D37A-4CBB-BBE9-01C8CD09F774}.Debug|x64.Build.0 = Debug|x64
		{1D1BD385-D37A-4CBB-BBE9-01C8CD09F774}.Debug|x86.ActiveCfg = Debug|Win32
		{1D1BD385-D37A-4CBB-BBE9-01C8CD09F774}.Debug|x86.Build.0 = Debug|Win32
		{1D1BD385-D37A-4CBB-BBE9-01C8CD09F774}.Release|x64.ActiveCfg = Release|x64
		{1D1BD385-D37A-4CBB-BBE9-01C8CD09F774}.Release|x64.Build.0 = Release|x64
		{1D1BD385-D37A-4CBB-BBE9-01C8CD09F774}.Release|x86.ActiveCfg = Release|Win32
		{1D1BD385-D37A-4CBB-BBE9-01C8CD09F774}.Release|x86.Build.0 = Release|Win32
	EndGlobalSection
	GlobalSection(SolutionProperties) = preSolution
		HideSolutionNode = FALSE
	EndGlobalSection
	GlobalSection(ExtensibilityGlobals) = postSolution
		SolutionGuid = {FF4231E2-CA72-4B5A-85DE-F3635B233178}
	EndGlobalSection
EndGlobal
